
Microsoft Visual Studio Solution File, Format Version 12.00
# Visual Studio Version 17
VisualStudioVersion = 17.8.34309.116
MinimumVisualStudioVersion = 10.0.40219.1
Project("{2150E333-8FDC-42A3-9474-1A3956D46DE8}") = "API", "API", "{60416A24-3A4A-470B-87F8-1D603E966765}"
EndProject
Project("{2150E333-8FDC-42A3-9474-1A3956D46DE8}") = "BuildingBlocks", "BuildingBlocks", "{989A6D0D-ACB5-4B7B-8D7F-11F1F4CF5342}"
EndProject
Project("{2150E333-8FDC-42A3-9474-1A3956D46DE8}") = "Modules", "Modules", "{B8A2FC86-C320-440E-8921-9BB4F6EAF652}"
EndProject
Project("{2150E333-8FDC-42A3-9474-1A3956D46DE8}") = "Accomodation", "Accomodation", "{3289AA80-1199-4696-BC80-A67EF5ACAAA2}"
EndProject
Project("{2150E333-8FDC-42A3-9474-1A3956D46DE8}") = "Commerce", "Commerce", "{887E67C2-9A36-4464-AD34-E377BFA369BB}"
EndProject
Project("{2150E333-8FDC-42A3-9474-1A3956D46DE8}") = "UserAccess", "UserAccess", "{AD2FBBC7-D3DA-489A-9E74-D884AC7FF062}"
EndProject
Project("{9A19103F-16F7-4668-BE54-9A1E7A4F7556}") = "Booking.UserAccess.Domain", "Modules\UserAccess\Booking.UserAccess.Domain\Booking.UserAccess.Domain.csproj", "{C0817BD6-439A-4A56-BD29-951A789B6238}"
EndProject
Project("{9A19103F-16F7-4668-BE54-9A1E7A4F7556}") = "Booking.UserAccess.Infrastructure", "Modules\UserAccess\Booking.UserAccess.Infrastructure\Booking.UserAccess.Infrastructure.csproj", "{F85F1411-AC8A-40F1-AB09-D7BB9B641831}"
EndProject
Project("{9A19103F-16F7-4668-BE54-9A1E7A4F7556}") = "Booking.BuildingBlocks.Domain", "BuildingBlocks\Booking.BuildingBlocks.Domain\Booking.BuildingBlocks.Domain.csproj", "{F2B8C4F3-A86D-47B7-B1AA-5A424BB4AB57}"
EndProject
Project("{9A19103F-16F7-4668-BE54-9A1E7A4F7556}") = "Booking.UserAccess.Application", "Modules\UserAccess\Booking.UserAccess.Application\Booking.UserAccess.Application.csproj", "{E09CF841-B840-4811-9D9E-2AB03FF52E7D}"
EndProject
Project("{9A19103F-16F7-4668-BE54-9A1E7A4F7556}") = "Booking.BuildingBlocks.Application", "BuildingBlocks\Booking.BuildingBlocks.Application\Booking.BuildingBlocks.Application.csproj", "{A0028B1F-911F-4FC5-A671-57560957F96F}"
EndProject
Project("{9A19103F-16F7-4668-BE54-9A1E7A4F7556}") = "Booking.UserAccess.Presentation", "Modules\UserAccess\Booking.UserAccess.Presentation\Booking.UserAccess.Presentation.csproj", "{9C8C8498-D265-44E5-838C-D80BDEAE4CC6}"
EndProject
Project("{9A19103F-16F7-4668-BE54-9A1E7A4F7556}") = "Booking.BuildingBlocks.Presentation", "BuildingBlocks\Booking.BuildingBlocks.Presentation\Booking.BuildingBlocks.Presentation.csproj", "{37AC7BBB-4D76-4AFC-934B-F39D7D21F46C}"
EndProject
Project("{9A19103F-16F7-4668-BE54-9A1E7A4F7556}") = "Booking.Accomodation.Domain", "Modules\Accomodation\Booking.Accomodation.Domain\Booking.Accomodation.Domain.csproj", "{0E3DB231-F466-4DB5-A546-CBCCA5D021E5}"
EndProject
Project("{9A19103F-16F7-4668-BE54-9A1E7A4F7556}") = "Booking.Accomodation.Infrastructure", "Modules\Accomodation\Booking.Accomodation.Infrastructure\Booking.Accomodation.Infrastructure.csproj", "{40D86AC4-15DD-484C-9D5D-89F3565695F0}"
EndProject
Project("{9A19103F-16F7-4668-BE54-9A1E7A4F7556}") = "Booking.Commerce.Domain", "Modules\Commerce\Booking.Commerce.Domain\Booking.Commerce.Domain.csproj", "{483BF33C-4F5C-484E-AA3C-8F087DA7463A}"
EndProject
Project("{9A19103F-16F7-4668-BE54-9A1E7A4F7556}") = "Booking.BuildingBlocks.Infrastructure", "BuildingBlocks\Booking.BuildingBlocks.Infrastructure\Booking.BuildingBlocks.Infrastructure.csproj", "{5C011985-D7BD-431C-8E01-DDAD43A97A12}"
EndProject
Project("{9A19103F-16F7-4668-BE54-9A1E7A4F7556}") = "Booking.UserAccess.IntegrationEvents", "Modules\UserAccess\Booking.UserAccess.IntegrationEvents\Booking.UserAccess.IntegrationEvents.csproj", "{AC7B82BA-AA4C-4E7D-8E37-120309186762}"
EndProject
Project("{9A19103F-16F7-4668-BE54-9A1E7A4F7556}") = "Booking.Accomodation.Application", "Modules\Accomodation\Booking.Accomodation.Application\Booking.Accomodation.Application.csproj", "{91C85EAA-8A19-4CBC-92B5-8ABAE78F9BD7}"
EndProject
Project("{9A19103F-16F7-4668-BE54-9A1E7A4F7556}") = "Booking.Accomodation.IntegrationEvents", "Modules\Accomodation\Booking.Accomodation.IntegrationEvents\Booking.Accomodation.IntegrationEvents.csproj", "{EE8D896C-EAAB-43AD-B632-D39035C8360D}"
EndProject
Project("{9A19103F-16F7-4668-BE54-9A1E7A4F7556}") = "Booking.Accomodation.Presentation", "Modules\Accomodation\Booking.Accomodation.Presentation\Booking.Accomodation.Presentation.csproj", "{831D7C7F-F0AA-4DCE-BFA0-ECC4C5932BF1}"
EndProject
Project("{9A19103F-16F7-4668-BE54-9A1E7A4F7556}") = "Booking.App", "API\Booking.API\Booking.App.csproj", "{FACD98C9-3C6A-4A6A-B9C1-9C0CBF892E7F}"
EndProject
Global
	GlobalSection(SolutionConfigurationPlatforms) = preSolution
		Debug|Any CPU = Debug|Any CPU
		Release|Any CPU = Release|Any CPU
	EndGlobalSection
	GlobalSection(ProjectConfigurationPlatforms) = postSolution
		{C0817BD6-439A-4A56-BD29-951A789B6238}.Debug|Any CPU.ActiveCfg = Debug|Any CPU
		{C0817BD6-439A-4A56-BD29-951A789B6238}.Debug|Any CPU.Build.0 = Debug|Any CPU
		{C0817BD6-439A-4A56-BD29-951A789B6238}.Release|Any CPU.ActiveCfg = Release|Any CPU
		{C0817BD6-439A-4A56-BD29-951A789B6238}.Release|Any CPU.Build.0 = Release|Any CPU
		{F85F1411-AC8A-40F1-AB09-D7BB9B641831}.Debug|Any CPU.ActiveCfg = Debug|Any CPU
		{F85F1411-AC8A-40F1-AB09-D7BB9B641831}.Debug|Any CPU.Build.0 = Debug|Any CPU
		{F85F1411-AC8A-40F1-AB09-D7BB9B641831}.Release|Any CPU.ActiveCfg = Release|Any CPU
		{F85F1411-AC8A-40F1-AB09-D7BB9B641831}.Release|Any CPU.Build.0 = Release|Any CPU
		{F2B8C4F3-A86D-47B7-B1AA-5A424BB4AB57}.Debug|Any CPU.ActiveCfg = Debug|Any CPU
		{F2B8C4F3-A86D-47B7-B1AA-5A424BB4AB57}.Debug|Any CPU.Build.0 = Debug|Any CPU
		{F2B8C4F3-A86D-47B7-B1AA-5A424BB4AB57}.Release|Any CPU.ActiveCfg = Release|Any CPU
		{F2B8C4F3-A86D-47B7-B1AA-5A424BB4AB57}.Release|Any CPU.Build.0 = Release|Any CPU
		{E09CF841-B840-4811-9D9E-2AB03FF52E7D}.Debug|Any CPU.ActiveCfg = Debug|Any CPU
		{E09CF841-B840-4811-9D9E-2AB03FF52E7D}.Debug|Any CPU.Build.0 = Debug|Any CPU
		{E09CF841-B840-4811-9D9E-2AB03FF52E7D}.Release|Any CPU.ActiveCfg = Release|Any CPU
		{E09CF841-B840-4811-9D9E-2AB03FF52E7D}.Release|Any CPU.Build.0 = Release|Any CPU
		{A0028B1F-911F-4FC5-A671-57560957F96F}.Debug|Any CPU.ActiveCfg = Debug|Any CPU
		{A0028B1F-911F-4FC5-A671-57560957F96F}.Debug|Any CPU.Build.0 = Debug|Any CPU
		{A0028B1F-911F-4FC5-A671-57560957F96F}.Release|Any CPU.ActiveCfg = Release|Any CPU
		{A0028B1F-911F-4FC5-A671-57560957F96F}.Release|Any CPU.Build.0 = Release|Any CPU
		{9C8C8498-D265-44E5-838C-D80BDEAE4CC6}.Debug|Any CPU.ActiveCfg = Debug|Any CPU
		{9C8C8498-D265-44E5-838C-D80BDEAE4CC6}.Debug|Any CPU.Build.0 = Debug|Any CPU
		{9C8C8498-D265-44E5-838C-D80BDEAE4CC6}.Release|Any CPU.ActiveCfg = Release|Any CPU
		{9C8C8498-D265-44E5-838C-D80BDEAE4CC6}.Release|Any CPU.Build.0 = Release|Any CPU
		{37AC7BBB-4D76-4AFC-934B-F39D7D21F46C}.Debug|Any CPU.ActiveCfg = Debug|Any CPU
		{37AC7BBB-4D76-4AFC-934B-F39D7D21F46C}.Debug|Any CPU.Build.0 = Debug|Any CPU
		{37AC7BBB-4D76-4AFC-934B-F39D7D21F46C}.Release|Any CPU.ActiveCfg = Release|Any CPU
		{37AC7BBB-4D76-4AFC-934B-F39D7D21F46C}.Release|Any CPU.Build.0 = Release|Any CPU
		{0E3DB231-F466-4DB5-A546-CBCCA5D021E5}.Debug|Any CPU.ActiveCfg = Debug|Any CPU
		{0E3DB231-F466-4DB5-A546-CBCCA5D021E5}.Debug|Any CPU.Build.0 = Debug|Any CPU
		{0E3DB231-F466-4DB5-A546-CBCCA5D021E5}.Release|Any CPU.ActiveCfg = Release|Any CPU
		{0E3DB231-F466-4DB5-A546-CBCCA5D021E5}.Release|Any CPU.Build.0 = Release|Any CPU
		{40D86AC4-15DD-484C-9D5D-89F3565695F0}.Debug|Any CPU.ActiveCfg = Debug|Any CPU
		{40D86AC4-15DD-484C-9D5D-89F3565695F0}.Debug|Any CPU.Build.0 = Debug|Any CPU
		{40D86AC4-15DD-484C-9D5D-89F3565695F0}.Release|Any CPU.ActiveCfg = Release|Any CPU
		{40D86AC4-15DD-484C-9D5D-89F3565695F0}.Release|Any CPU.Build.0 = Release|Any CPU
		{483BF33C-4F5C-484E-AA3C-8F087DA7463A}.Debug|Any CPU.ActiveCfg = Debug|Any CPU
		{483BF33C-4F5C-484E-AA3C-8F087DA7463A}.Debug|Any CPU.Build.0 = Debug|Any CPU
		{483BF33C-4F5C-484E-AA3C-8F087DA7463A}.Release|Any CPU.ActiveCfg = Release|Any CPU
		{483BF33C-4F5C-484E-AA3C-8F087DA7463A}.Release|Any CPU.Build.0 = Release|Any CPU
		{5C011985-D7BD-431C-8E01-DDAD43A97A12}.Debug|Any CPU.ActiveCfg = Debug|Any CPU
		{5C011985-D7BD-431C-8E01-DDAD43A97A12}.Debug|Any CPU.Build.0 = Debug|Any CPU
		{5C011985-D7BD-431C-8E01-DDAD43A97A12}.Release|Any CPU.ActiveCfg = Release|Any CPU
		{5C011985-D7BD-431C-8E01-DDAD43A97A12}.Release|Any CPU.Build.0 = Release|Any CPU
		{AC7B82BA-AA4C-4E7D-8E37-120309186762}.Debug|Any CPU.ActiveCfg = Debug|Any CPU
		{AC7B82BA-AA4C-4E7D-8E37-120309186762}.Debug|Any CPU.Build.0 = Debug|Any CPU
		{AC7B82BA-AA4C-4E7D-8E37-120309186762}.Release|Any CPU.ActiveCfg = Release|Any CPU
		{AC7B82BA-AA4C-4E7D-8E37-120309186762}.Release|Any CPU.Build.0 = Release|Any CPU
		{91C85EAA-8A19-4CBC-92B5-8ABAE78F9BD7}.Debug|Any CPU.ActiveCfg = Debug|Any CPU
		{91C85EAA-8A19-4CBC-92B5-8ABAE78F9BD7}.Debug|Any CPU.Build.0 = Debug|Any CPU
		{91C85EAA-8A19-4CBC-92B5-8ABAE78F9BD7}.Release|Any CPU.ActiveCfg = Release|Any CPU
		{91C85EAA-8A19-4CBC-92B5-8ABAE78F9BD7}.Release|Any CPU.Build.0 = Release|Any CPU
		{EE8D896C-EAAB-43AD-B632-D39035C8360D}.Debug|Any CPU.ActiveCfg = Debug|Any CPU
		{EE8D896C-EAAB-43AD-B632-D39035C8360D}.Debug|Any CPU.Build.0 = Debug|Any CPU
		{EE8D896C-EAAB-43AD-B632-D39035C8360D}.Release|Any CPU.ActiveCfg = Release|Any CPU
		{EE8D896C-EAAB-43AD-B632-D39035C8360D}.Release|Any CPU.Build.0 = Release|Any CPU
		{831D7C7F-F0AA-4DCE-BFA0-ECC4C5932BF1}.Debug|Any CPU.ActiveCfg = Debug|Any CPU
		{831D7C7F-F0AA-4DCE-BFA0-ECC4C5932BF1}.Debug|Any CPU.Build.0 = Debug|Any CPU
		{831D7C7F-F0AA-4DCE-BFA0-ECC4C5932BF1}.Release|Any CPU.ActiveCfg = Release|Any CPU
		{831D7C7F-F0AA-4DCE-BFA0-ECC4C5932BF1}.Release|Any CPU.Build.0 = Release|Any CPU
		{FACD98C9-3C6A-4A6A-B9C1-9C0CBF892E7F}.Debug|Any CPU.ActiveCfg = Debug|Any CPU
		{FACD98C9-3C6A-4A6A-B9C1-9C0CBF892E7F}.Debug|Any CPU.Build.0 = Debug|Any CPU
		{FACD98C9-3C6A-4A6A-B9C1-9C0CBF892E7F}.Release|Any CPU.ActiveCfg = Release|Any CPU
		{FACD98C9-3C6A-4A6A-B9C1-9C0CBF892E7F}.Release|Any CPU.Build.0 = Release|Any CPU
	EndGlobalSection
	GlobalSection(SolutionProperties) = preSolution
		HideSolutionNode = FALSE
	EndGlobalSection
	GlobalSection(NestedProjects) = preSolution
		{3289AA80-1199-4696-BC80-A67EF5ACAAA2} = {B8A2FC86-C320-440E-8921-9BB4F6EAF652}
		{887E67C2-9A36-4464-AD34-E377BFA369BB} = {B8A2FC86-C320-440E-8921-9BB4F6EAF652}
		{AD2FBBC7-D3DA-489A-9E74-D884AC7FF062} = {B8A2FC86-C320-440E-8921-9BB4F6EAF652}
		{C0817BD6-439A-4A56-BD29-951A789B6238} = {AD2FBBC7-D3DA-489A-9E74-D884AC7FF062}
		{F85F1411-AC8A-40F1-AB09-D7BB9B641831} = {AD2FBBC7-D3DA-489A-9E74-D884AC7FF062}
		{F2B8C4F3-A86D-47B7-B1AA-5A424BB4AB57} = {989A6D0D-ACB5-4B7B-8D7F-11F1F4CF5342}
		{E09CF841-B840-4811-9D9E-2AB03FF52E7D} = {AD2FBBC7-D3DA-489A-9E74-D884AC7FF062}
		{A0028B1F-911F-4FC5-A671-57560957F96F} = {989A6D0D-ACB5-4B7B-8D7F-11F1F4CF5342}
		{9C8C8498-D265-44E5-838C-D80BDEAE4CC6} = {AD2FBBC7-D3DA-489A-9E74-D884AC7FF062}
		{37AC7BBB-4D76-4AFC-934B-F39D7D21F46C} = {989A6D0D-ACB5-4B7B-8D7F-11F1F4CF5342}
		{0E3DB231-F466-4DB5-A546-CBCCA5D021E5} = {3289AA80-1199-4696-BC80-A67EF5ACAAA2}
		{40D86AC4-15DD-484C-9D5D-89F3565695F0} = {3289AA80-1199-4696-BC80-A67EF5ACAAA2}
		{483BF33C-4F5C-484E-AA3C-8F087DA7463A} = {887E67C2-9A36-4464-AD34-E377BFA369BB}
		{5C011985-D7BD-431C-8E01-DDAD43A97A12} = {989A6D0D-ACB5-4B7B-8D7F-11F1F4CF5342}
		{AC7B82BA-AA4C-4E7D-8E37-120309186762} = {AD2FBBC7-D3DA-489A-9E74-D884AC7FF062}
		{91C85EAA-8A19-4CBC-92B5-8ABAE78F9BD7} = {3289AA80-1199-4696-BC80-A67EF5ACAAA2}
		{EE8D896C-EAAB-43AD-B632-D39035C8360D} = {3289AA80-1199-4696-BC80-A67EF5ACAAA2}
		{831D7C7F-F0AA-4DCE-BFA0-ECC4C5932BF1} = {3289AA80-1199-4696-BC80-A67EF5ACAAA2}
		{FACD98C9-3C6A-4A6A-B9C1-9C0CBF892E7F} = {60416A24-3A4A-470B-87F8-1D603E966765}
	EndGlobalSection
	GlobalSection(ExtensibilityGlobals) = postSolution
		SolutionGuid = {8C6AFA6A-1292-4CA1-9D82-68E9F9BB969C}
	EndGlobalSection
EndGlobal
